
Microsoft Visual Studio Solution File, Format Version 12.00
# Visual Studio Version 17
VisualStudioVersion = 17.5.33424.131
MinimumVisualStudioVersion = 10.0.40219.1
Project("{9A19103F-16F7-4668-BE54-9A1E7A4F7556}") = "CSharp7_benchmark_misc", "CSharp7_benchmark_misc\CSharp7_benchmark_misc.csproj", "{CB209EC0-C3DB-4FE7-8735-52DFBBB82332}"
	ProjectSection(ProjectDependencies) = postProject
		{46413FDB-6136-477E-A7CA-61567B6143CB} = {46413FDB-6136-477E-A7CA-61567B6143CB}
	EndProjectSection
EndProject
Project("{9A19103F-16F7-4668-BE54-9A1E7A4F7556}") = "bStruct1", "bStruct1\bStruct1.csproj", "{5472158E-A39C-45C0-9777-1A30145030F4}"
EndProject
Project("{9A19103F-16F7-4668-BE54-9A1E7A4F7556}") = "bExceptions1", "bExceptions1\bExceptions1.csproj", "{2171C9C3-A339-4D3B-A65F-AA7C5C649098}"
EndProject
Project("{9A19103F-16F7-4668-BE54-9A1E7A4F7556}") = "bNickChapsas", "NickChapsas\bNickChapsas.csproj", "{98E14BE0-5648-4438-B584-DA6C2434FEDB}"
EndProject
Project("{9A19103F-16F7-4668-BE54-9A1E7A4F7556}") = "bMisc", "bMisc\bMisc.csproj", "{46413FDB-6136-477E-A7CA-61567B6143CB}"
EndProject
Project("{FAE04EC0-301F-11D3-BF4B-00C04F79EFBC}") = "bThreads", "bThreads\bThreads.csproj", "{5499D775-886C-450E-8E7A-B430B09D24ED}"
EndProject
Global
	GlobalSection(SolutionConfigurationPlatforms) = preSolution
		Debug|Any CPU = Debug|Any CPU
		Debug|ARM = Debug|ARM
		Debug|ARM64 = Debug|ARM64
		Debug|x64 = Debug|x64
		Debug|x86 = Debug|x86
		Release|Any CPU = Release|Any CPU
		Release|ARM = Release|ARM
		Release|ARM64 = Release|ARM64
		Release|x64 = Release|x64
		Release|x86 = Release|x86
	EndGlobalSection
	GlobalSection(ProjectConfigurationPlatforms) = postSolution
		{CB209EC0-C3DB-4FE7-8735-52DFBBB82332}.Debug|Any CPU.ActiveCfg = Debug|Any CPU
		{CB209EC0-C3DB-4FE7-8735-52DFBBB82332}.Debug|Any CPU.Build.0 = Debug|Any CPU
		{CB209EC0-C3DB-4FE7-8735-52DFBBB82332}.Debug|ARM.ActiveCfg = Debug|Any CPU
		{CB209EC0-C3DB-4FE7-8735-52DFBBB82332}.Debug|ARM.Build.0 = Debug|Any CPU
		{CB209EC0-C3DB-4FE7-8735-52DFBBB82332}.Debug|ARM64.ActiveCfg = Debug|Any CPU
		{CB209EC0-C3DB-4FE7-8735-52DFBBB82332}.Debug|ARM64.Build.0 = Debug|Any CPU
		{CB209EC0-C3DB-4FE7-8735-52DFBBB82332}.Debug|x64.ActiveCfg = Debug|Any CPU
		{CB209EC0-C3DB-4FE7-8735-52DFBBB82332}.Debug|x64.Build.0 = Debug|Any CPU
		{CB209EC0-C3DB-4FE7-8735-52DFBBB82332}.Debug|x86.ActiveCfg = Debug|Any CPU
		{CB209EC0-C3DB-4FE7-8735-52DFBBB82332}.Debug|x86.Build.0 = Debug|Any CPU
		{CB209EC0-C3DB-4FE7-8735-52DFBBB82332}.Release|Any CPU.ActiveCfg = Release|Any CPU
		{CB209EC0-C3DB-4FE7-8735-52DFBBB82332}.Release|Any CPU.Build.0 = Release|Any CPU
		{CB209EC0-C3DB-4FE7-8735-52DFBBB82332}.Release|ARM.ActiveCfg = Release|Any CPU
		{CB209EC0-C3DB-4FE7-8735-52DFBBB82332}.Release|ARM.Build.0 = Release|Any CPU
		{CB209EC0-C3DB-4FE7-8735-52DFBBB82332}.Release|ARM64.ActiveCfg = Release|Any CPU
		{CB209EC0-C3DB-4FE7-8735-52DFBBB82332}.Release|ARM64.Build.0 = Release|Any CPU
		{CB209EC0-C3DB-4FE7-8735-52DFBBB82332}.Release|x64.ActiveCfg = Release|Any CPU
		{CB209EC0-C3DB-4FE7-8735-52DFBBB82332}.Release|x64.Build.0 = Release|Any CPU
		{CB209EC0-C3DB-4FE7-8735-52DFBBB82332}.Release|x86.ActiveCfg = Release|Any CPU
		{CB209EC0-C3DB-4FE7-8735-52DFBBB82332}.Release|x86.Build.0 = Release|Any CPU
		{5472158E-A39C-45C0-9777-1A30145030F4}.Debug|Any CPU.ActiveCfg = Debug|Any CPU
		{5472158E-A39C-45C0-9777-1A30145030F4}.Debug|Any CPU.Build.0 = Debug|Any CPU
		{5472158E-A39C-45C0-9777-1A30145030F4}.Debug|ARM.ActiveCfg = Debug|Any CPU
		{5472158E-A39C-45C0-9777-1A30145030F4}.Debug|ARM.Build.0 = Debug|Any CPU
		{5472158E-A39C-45C0-9777-1A30145030F4}.Debug|ARM64.ActiveCfg = Debug|Any CPU
		{5472158E-A39C-45C0-9777-1A30145030F4}.Debug|ARM64.Build.0 = Debug|Any CPU
		{5472158E-A39C-45C0-9777-1A30145030F4}.Debug|x64.ActiveCfg = Debug|Any CPU
		{5472158E-A39C-45C0-9777-1A30145030F4}.Debug|x64.Build.0 = Debug|Any CPU
		{5472158E-A39C-45C0-9777-1A30145030F4}.Debug|x86.ActiveCfg = Debug|Any CPU
		{5472158E-A39C-45C0-9777-1A30145030F4}.Debug|x86.Build.0 = Debug|Any CPU
		{5472158E-A39C-45C0-9777-1A30145030F4}.Release|Any CPU.ActiveCfg = Release|Any CPU
		{5472158E-A39C-45C0-9777-1A30145030F4}.Release|Any CPU.Build.0 = Release|Any CPU
		{5472158E-A39C-45C0-9777-1A30145030F4}.Release|ARM.ActiveCfg = Release|Any CPU
		{5472158E-A39C-45C0-9777-1A30145030F4}.Release|ARM.Build.0 = Release|Any CPU
		{5472158E-A39C-45C0-9777-1A30145030F4}.Release|ARM64.ActiveCfg = Release|Any CPU
		{5472158E-A39C-45C0-9777-1A30145030F4}.Release|ARM64.Build.0 = Release|Any CPU
		{5472158E-A39C-45C0-9777-1A30145030F4}.Release|x64.ActiveCfg = Release|Any CPU
		{5472158E-A39C-45C0-9777-1A30145030F4}.Release|x64.Build.0 = Release|Any CPU
		{5472158E-A39C-45C0-9777-1A30145030F4}.Release|x86.ActiveCfg = Release|Any CPU
		{5472158E-A39C-45C0-9777-1A30145030F4}.Release|x86.Build.0 = Release|Any CPU
		{2171C9C3-A339-4D3B-A65F-AA7C5C649098}.Debug|Any CPU.ActiveCfg = Debug|Any CPU
		{2171C9C3-A339-4D3B-A65F-AA7C5C649098}.Debug|Any CPU.Build.0 = Debug|Any CPU
		{2171C9C3-A339-4D3B-A65F-AA7C5C649098}.Debug|ARM.ActiveCfg = Debug|Any CPU
		{2171C9C3-A339-4D3B-A65F-AA7C5C649098}.Debug|ARM.Build.0 = Debug|Any CPU
		{2171C9C3-A339-4D3B-A65F-AA7C5C649098}.Debug|ARM64.ActiveCfg = Debug|Any CPU
		{2171C9C3-A339-4D3B-A65F-AA7C5C649098}.Debug|ARM64.Build.0 = Debug|Any CPU
		{2171C9C3-A339-4D3B-A65F-AA7C5C649098}.Debug|x64.ActiveCfg = Debug|Any CPU
		{2171C9C3-A339-4D3B-A65F-AA7C5C649098}.Debug|x64.Build.0 = Debug|Any CPU
		{2171C9C3-A339-4D3B-A65F-AA7C5C649098}.Debug|x86.ActiveCfg = Debug|Any CPU
		{2171C9C3-A339-4D3B-A65F-AA7C5C649098}.Debug|x86.Build.0 = Debug|Any CPU
		{2171C9C3-A339-4D3B-A65F-AA7C5C649098}.Release|Any CPU.ActiveCfg = Release|Any CPU
		{2171C9C3-A339-4D3B-A65F-AA7C5C649098}.Release|Any CPU.Build.0 = Release|Any CPU
		{2171C9C3-A339-4D3B-A65F-AA7C5C649098}.Release|ARM.ActiveCfg = Release|Any CPU
		{2171C9C3-A339-4D3B-A65F-AA7C5C649098}.Release|ARM.Build.0 = Release|Any CPU
		{2171C9C3-A339-4D3B-A65F-AA7C5C649098}.Release|ARM64.ActiveCfg = Release|Any CPU
		{2171C9C3-A339-4D3B-A65F-AA7C5C649098}.Release|ARM64.Build.0 = Release|Any CPU
		{2171C9C3-A339-4D3B-A65F-AA7C5C649098}.Release|x64.ActiveCfg = Release|Any CPU
		{2171C9C3-A339-4D3B-A65F-AA7C5C649098}.Release|x64.Build.0 = Release|Any CPU
		{2171C9C3-A339-4D3B-A65F-AA7C5C649098}.Release|x86.ActiveCfg = Release|Any CPU
		{2171C9C3-A339-4D3B-A65F-AA7C5C649098}.Release|x86.Build.0 = Release|Any CPU
		{98E14BE0-5648-4438-B584-DA6C2434FEDB}.Debug|Any CPU.ActiveCfg = Debug|Any CPU
		{98E14BE0-5648-4438-B584-DA6C2434FEDB}.Debug|Any CPU.Build.0 = Debug|Any CPU
		{98E14BE0-5648-4438-B584-DA6C2434FEDB}.Debug|ARM.ActiveCfg = Debug|Any CPU
		{98E14BE0-5648-4438-B584-DA6C2434FEDB}.Debug|ARM.Build.0 = Debug|Any CPU
		{98E14BE0-5648-4438-B584-DA6C2434FEDB}.Debug|ARM64.ActiveCfg = Debug|Any CPU
		{98E14BE0-5648-4438-B584-DA6C2434FEDB}.Debug|ARM64.Build.0 = Debug|Any CPU
		{98E14BE0-5648-4438-B584-DA6C2434FEDB}.Debug|x64.ActiveCfg = Debug|Any CPU
		{98E14BE0-5648-4438-B584-DA6C2434FEDB}.Debug|x64.Build.0 = Debug|Any CPU
		{98E14BE0-5648-4438-B584-DA6C2434FEDB}.Debug|x86.ActiveCfg = Debug|Any CPU
		{98E14BE0-5648-4438-B584-DA6C2434FEDB}.Debug|x86.Build.0 = Debug|Any CPU
		{98E14BE0-5648-4438-B584-DA6C2434FEDB}.Release|Any CPU.ActiveCfg = Release|Any CPU
		{98E14BE0-5648-4438-B584-DA6C2434FEDB}.Release|Any CPU.Build.0 = Release|Any CPU
		{98E14BE0-5648-4438-B584-DA6C2434FEDB}.Release|ARM.ActiveCfg = Release|Any CPU
		{98E14BE0-5648-4438-B584-DA6C2434FEDB}.Release|ARM.Build.0 = Release|Any CPU
		{98E14BE0-5648-4438-B584-DA6C2434FEDB}.Release|ARM64.ActiveCfg = Release|Any CPU
		{98E14BE0-5648-4438-B584-DA6C2434FEDB}.Release|ARM64.Build.0 = Release|Any CPU
		{98E14BE0-5648-4438-B584-DA6C2434FEDB}.Release|x64.ActiveCfg = Release|Any CPU
		{98E14BE0-5648-4438-B584-DA6C2434FEDB}.Release|x64.Build.0 = Release|Any CPU
		{98E14BE0-5648-4438-B584-DA6C2434FEDB}.Release|x86.ActiveCfg = Release|Any CPU
		{98E14BE0-5648-4438-B584-DA6C2434FEDB}.Release|x86.Build.0 = Release|Any CPU
		{46413FDB-6136-477E-A7CA-61567B6143CB}.Debug|Any CPU.ActiveCfg = Debug|Any CPU
		{46413FDB-6136-477E-A7CA-61567B6143CB}.Debug|Any CPU.Build.0 = Debug|Any CPU
		{46413FDB-6136-477E-A7CA-61567B6143CB}.Debug|ARM.ActiveCfg = Debug|Any CPU
		{46413FDB-6136-477E-A7CA-61567B6143CB}.Debug|ARM.Build.0 = Debug|Any CPU
		{46413FDB-6136-477E-A7CA-61567B6143CB}.Debug|ARM64.ActiveCfg = Debug|Any CPU
		{46413FDB-6136-477E-A7CA-61567B6143CB}.Debug|ARM64.Build.0 = Debug|Any CPU
		{46413FDB-6136-477E-A7CA-61567B6143CB}.Debug|x64.ActiveCfg = Debug|Any CPU
		{46413FDB-6136-477E-A7CA-61567B6143CB}.Debug|x64.Build.0 = Debug|Any CPU
		{46413FDB-6136-477E-A7CA-61567B6143CB}.Debug|x86.ActiveCfg = Debug|Any CPU
		{46413FDB-6136-477E-A7CA-61567B6143CB}.Debug|x86.Build.0 = Debug|Any CPU
		{46413FDB-6136-477E-A7CA-61567B6143CB}.Release|Any CPU.ActiveCfg = Release|Any CPU
		{46413FDB-6136-477E-A7CA-61567B6143CB}.Release|Any CPU.Build.0 = Release|Any CPU
		{46413FDB-6136-477E-A7CA-61567B6143CB}.Release|ARM.ActiveCfg = Release|Any CPU
		{46413FDB-6136-477E-A7CA-61567B6143CB}.Release|ARM.Build.0 = Release|Any CPU
		{46413FDB-6136-477E-A7CA-61567B6143CB}.Release|ARM64.ActiveCfg = Release|Any CPU
		{46413FDB-6136-477E-A7CA-61567B6143CB}.Release|ARM64.Build.0 = Release|Any CPU
		{46413FDB-6136-477E-A7CA-61567B6143CB}.Release|x64.ActiveCfg = Release|Any CPU
		{46413FDB-6136-477E-A7CA-61567B6143CB}.Release|x64.Build.0 = Release|Any CPU
		{46413FDB-6136-477E-A7CA-61567B6143CB}.Release|x86.ActiveCfg = Release|Any CPU
		{46413FDB-6136-477E-A7CA-61567B6143CB}.Release|x86.Build.0 = Release|Any CPU
		{5499D775-886C-450E-8E7A-B430B09D24ED}.Debug|Any CPU.ActiveCfg = Debug|Any CPU
		{5499D775-886C-450E-8E7A-B430B09D24ED}.Debug|Any CPU.Build.0 = Debug|Any CPU
		{5499D775-886C-450E-8E7A-B430B09D24ED}.Debug|ARM.ActiveCfg = Debug|Any CPU
		{5499D775-886C-450E-8E7A-B430B09D24ED}.Debug|ARM.Build.0 = Debug|Any CPU
		{5499D775-886C-450E-8E7A-B430B09D24ED}.Debug|ARM64.ActiveCfg = Debug|Any CPU
		{5499D775-886C-450E-8E7A-B430B09D24ED}.Debug|ARM64.Build.0 = Debug|Any CPU
		{5499D775-886C-450E-8E7A-B430B09D24ED}.Debug|x64.ActiveCfg = Debug|Any CPU
		{5499D775-886C-450E-8E7A-B430B09D24ED}.Debug|x64.Build.0 = Debug|Any CPU
		{5499D775-886C-450E-8E7A-B430B09D24ED}.Debug|x86.ActiveCfg = Debug|Any CPU
		{5499D775-886C-450E-8E7A-B430B09D24ED}.Debug|x86.Build.0 = Debug|Any CPU
		{5499D775-886C-450E-8E7A-B430B09D24ED}.Release|Any CPU.ActiveCfg = Release|Any CPU
		{5499D775-886C-450E-8E7A-B430B09D24ED}.Release|Any CPU.Build.0 = Release|Any CPU
		{5499D775-886C-450E-8E7A-B430B09D24ED}.Release|ARM.ActiveCfg = Release|Any CPU
		{5499D775-886C-450E-8E7A-B430B09D24ED}.Release|ARM.Build.0 = Release|Any CPU
		{5499D775-886C-450E-8E7A-B430B09D24ED}.Release|ARM64.ActiveCfg = Release|Any CPU
		{5499D775-886C-450E-8E7A-B430B09D24ED}.Release|ARM64.Build.0 = Release|Any CPU
		{5499D775-886C-450E-8E7A-B430B09D24ED}.Release|x64.ActiveCfg = Release|Any CPU
		{5499D775-886C-450E-8E7A-B430B09D24ED}.Release|x64.Build.0 = Release|Any CPU
		{5499D775-886C-450E-8E7A-B430B09D24ED}.Release|x86.ActiveCfg = Release|Any CPU
		{5499D775-886C-450E-8E7A-B430B09D24ED}.Release|x86.Build.0 = Release|Any CPU
	EndGlobalSection
	GlobalSection(SolutionProperties) = preSolution
		HideSolutionNode = FALSE
	EndGlobalSection
	GlobalSection(ExtensibilityGlobals) = postSolution
		SolutionGuid = {0A353C81-58AF-44A1-9D16-C4FF87EEEE52}
	EndGlobalSection
EndGlobal
