
Microsoft Visual Studio Solution File, Format Version 12.00
# Visual Studio Version 17
VisualStudioVersion = 17.5.33424.131
MinimumVisualStudioVersion = 10.0.40219.1
Project("{9A19103F-16F7-4668-BE54-9A1E7A4F7556}") = "net6benchmark", "net6benchmark\net6benchmark.csproj", "{DC2C8C24-ED76-486F-B1A6-16FDFEF841A1}"
EndProject
Project("{FAE04EC0-301F-11D3-BF4B-00C04F79EFBC}") = "ThrowException.benchmark", "ThrowException.benchmark\ThrowException.benchmark.csproj", "{39FEE9D9-F818-45F0-A5DC-0F90BC0775B3}"
EndProject
Global
	GlobalSection(SolutionConfigurationPlatforms) = preSolution
		Debug|Any CPU = Debug|Any CPU
		Release|Any CPU = Release|Any CPU
	EndGlobalSection
	GlobalSection(ProjectConfigurationPlatforms) = postSolution
		{DC2C8C24-ED76-486F-B1A6-16FDFEF841A1}.Debug|Any CPU.ActiveCfg = Debug|Any CPU
		{DC2C8C24-ED76-486F-B1A6-16FDFEF841A1}.Debug|Any CPU.Build.0 = Debug|Any CPU
		{DC2C8C24-ED76-486F-B1A6-16FDFEF841A1}.Release|Any CPU.ActiveCfg = Release|Any CPU
		{DC2C8C24-ED76-486F-B1A6-16FDFEF841A1}.Release|Any CPU.Build.0 = Release|Any CPU
		{39FEE9D9-F818-45F0-A5DC-0F90BC0775B3}.Debug|Any CPU.ActiveCfg = Debug|Any CPU
		{39FEE9D9-F818-45F0-A5DC-0F90BC0775B3}.Debug|Any CPU.Build.0 = Debug|Any CPU
		{39FEE9D9-F818-45F0-A5DC-0F90BC0775B3}.Release|Any CPU.ActiveCfg = Release|Any CPU
		{39FEE9D9-F818-45F0-A5DC-0F90BC0775B3}.Release|Any CPU.Build.0 = Release|Any CPU
	EndGlobalSection
	GlobalSection(SolutionProperties) = preSolution
		HideSolutionNode = FALSE
	EndGlobalSection
	GlobalSection(ExtensibilityGlobals) = postSolution
		SolutionGuid = {8128EC04-BCFF-4B2F-816C-4B288B7A4634}
	EndGlobalSection
EndGlobal
