
Microsoft Visual Studio Solution File, Format Version 12.00
# Visual Studio Version 16
VisualStudioVersion = 16.0.31624.102
MinimumVisualStudioVersion = 10.0.40219.1
Project("{FAE04EC0-301F-11D3-BF4B-00C04F79EFBC}") = "StringsTests", "StringsTests\StringsTests.csproj", "{D521D32A-7454-4DAC-927B-78FC8C5AF8B0}"
EndProject
Global
	GlobalSection(SolutionConfigurationPlatforms) = preSolution
		Debug|Any CPU = Debug|Any CPU
		Release|Any CPU = Release|Any CPU
	EndGlobalSection
	GlobalSection(ProjectConfigurationPlatforms) = postSolution
		{D521D32A-7454-4DAC-927B-78FC8C5AF8B0}.Debug|Any CPU.ActiveCfg = Debug|Any CPU
		{D521D32A-7454-4DAC-927B-78FC8C5AF8B0}.Debug|Any CPU.Build.0 = Debug|Any CPU
		{D521D32A-7454-4DAC-927B-78FC8C5AF8B0}.Release|Any CPU.ActiveCfg = Release|Any CPU
		{D521D32A-7454-4DAC-927B-78FC8C5AF8B0}.Release|Any CPU.Build.0 = Release|Any CPU
	EndGlobalSection
	GlobalSection(SolutionProperties) = preSolution
		HideSolutionNode = FALSE
	EndGlobalSection
	GlobalSection(ExtensibilityGlobals) = postSolution
		SolutionGuid = {C94088DA-4482-48AC-8D44-02F86C3724A7}
	EndGlobalSection
EndGlobal
